
Microsoft Visual Studio Solution File, Format Version 12.00
# Visual Studio 15
VisualStudioVersion = 15.0.28307.329
MinimumVisualStudioVersion = 10.0.40219.1
Project("{FAE04EC0-301F-11D3-BF4B-00C04F79EFBC}") = "app.Android", "app\app.Android\app.Android.csproj", "{F42BF5FA-3B05-4788-8654-5F25CFDA5C55}"
EndProject
Project("{FAE04EC0-301F-11D3-BF4B-00C04F79EFBC}") = "app.iOS", "app\app.iOS\app.iOS.csproj", "{ED8FC44D-E498-4D3B-9B7D-35DDC6563A0F}"
EndProject
Project("{FAE04EC0-301F-11D3-BF4B-00C04F79EFBC}") = "app", "app\app\app.csproj", "{07325FCD-2B1F-4CA7-AA48-7B905C940486}"
EndProject
Global
	GlobalSection(SolutionConfigurationPlatforms) = preSolution
		Ad-Hoc|Any CPU = Ad-Hoc|Any CPU
		Ad-Hoc|iPhone = Ad-Hoc|iPhone
		Ad-Hoc|iPhoneSimulator = Ad-Hoc|iPhoneSimulator
		AppStore|Any CPU = AppStore|Any CPU
		AppStore|iPhone = AppStore|iPhone
		AppStore|iPhoneSimulator = AppStore|iPhoneSimulator
		Debug|Any CPU = Debug|Any CPU
		Debug|iPhone = Debug|iPhone
		Debug|iPhoneSimulator = Debug|iPhoneSimulator
		Release|Any CPU = Release|Any CPU
		Release|iPhone = Release|iPhone
		Release|iPhoneSimulator = Release|iPhoneSimulator
	EndGlobalSection
	GlobalSection(ProjectConfigurationPlatforms) = postSolution
		{F42BF5FA-3B05-4788-8654-5F25CFDA5C55}.Ad-Hoc|Any CPU.ActiveCfg = Release|Any CPU
		{F42BF5FA-3B05-4788-8654-5F25CFDA5C55}.Ad-Hoc|Any CPU.Build.0 = Release|Any CPU
		{F42BF5FA-3B05-4788-8654-5F25CFDA5C55}.Ad-Hoc|Any CPU.Deploy.0 = Release|Any CPU
		{F42BF5FA-3B05-4788-8654-5F25CFDA5C55}.Ad-Hoc|iPhone.ActiveCfg = Release|Any CPU
		{F42BF5FA-3B05-4788-8654-5F25CFDA5C55}.Ad-Hoc|iPhone.Build.0 = Release|Any CPU
		{F42BF5FA-3B05-4788-8654-5F25CFDA5C55}.Ad-Hoc|iPhone.Deploy.0 = Release|Any CPU
		{F42BF5FA-3B05-4788-8654-5F25CFDA5C55}.Ad-Hoc|iPhoneSimulator.ActiveCfg = Release|Any CPU
		{F42BF5FA-3B05-4788-8654-5F25CFDA5C55}.Ad-Hoc|iPhoneSimulator.Build.0 = Release|Any CPU
		{F42BF5FA-3B05-4788-8654-5F25CFDA5C55}.Ad-Hoc|iPhoneSimulator.Deploy.0 = Release|Any CPU
		{F42BF5FA-3B05-4788-8654-5F25CFDA5C55}.AppStore|Any CPU.ActiveCfg = Release|Any CPU
		{F42BF5FA-3B05-4788-8654-5F25CFDA5C55}.AppStore|Any CPU.Build.0 = Release|Any CPU
		{F42BF5FA-3B05-4788-8654-5F25CFDA5C55}.AppStore|Any CPU.Deploy.0 = Release|Any CPU
		{F42BF5FA-3B05-4788-8654-5F25CFDA5C55}.AppStore|iPhone.ActiveCfg = Release|Any CPU
		{F42BF5FA-3B05-4788-8654-5F25CFDA5C55}.AppStore|iPhone.Build.0 = Release|Any CPU
		{F42BF5FA-3B05-4788-8654-5F25CFDA5C55}.AppStore|iPhone.Deploy.0 = Release|Any CPU
		{F42BF5FA-3B05-4788-8654-5F25CFDA5C55}.AppStore|iPhoneSimulator.ActiveCfg = Release|Any CPU
		{F42BF5FA-3B05-4788-8654-5F25CFDA5C55}.AppStore|iPhoneSimulator.Build.0 = Release|Any CPU
		{F42BF5FA-3B05-4788-8654-5F25CFDA5C55}.AppStore|iPhoneSimulator.Deploy.0 = Release|Any CPU
		{F42BF5FA-3B05-4788-8654-5F25CFDA5C55}.Debug|Any CPU.ActiveCfg = Debug|Any CPU
		{F42BF5FA-3B05-4788-8654-5F25CFDA5C55}.Debug|Any CPU.Build.0 = Debug|Any CPU
		{F42BF5FA-3B05-4788-8654-5F25CFDA5C55}.Debug|Any CPU.Deploy.0 = Debug|Any CPU
		{F42BF5FA-3B05-4788-8654-5F25CFDA5C55}.Debug|iPhone.ActiveCfg = Debug|Any CPU
		{F42BF5FA-3B05-4788-8654-5F25CFDA5C55}.Debug|iPhone.Build.0 = Debug|Any CPU
		{F42BF5FA-3B05-4788-8654-5F25CFDA5C55}.Debug|iPhone.Deploy.0 = Debug|Any CPU
		{F42BF5FA-3B05-4788-8654-5F25CFDA5C55}.Debug|iPhoneSimulator.ActiveCfg = Debug|Any CPU
		{F42BF5FA-3B05-4788-8654-5F25CFDA5C55}.Debug|iPhoneSimulator.Build.0 = Debug|Any CPU
		{F42BF5FA-3B05-4788-8654-5F25CFDA5C55}.Debug|iPhoneSimulator.Deploy.0 = Debug|Any CPU
		{F42BF5FA-3B05-4788-8654-5F25CFDA5C55}.Release|Any CPU.ActiveCfg = Release|Any CPU
		{F42BF5FA-3B05-4788-8654-5F25CFDA5C55}.Release|Any CPU.Build.0 = Release|Any CPU
		{F42BF5FA-3B05-4788-8654-5F25CFDA5C55}.Release|Any CPU.Deploy.0 = Release|Any CPU
		{F42BF5FA-3B05-4788-8654-5F25CFDA5C55}.Release|iPhone.ActiveCfg = Release|Any CPU
		{F42BF5FA-3B05-4788-8654-5F25CFDA5C55}.Release|iPhone.Build.0 = Release|Any CPU
		{F42BF5FA-3B05-4788-8654-5F25CFDA5C55}.Release|iPhone.Deploy.0 = Release|Any CPU
		{F42BF5FA-3B05-4788-8654-5F25CFDA5C55}.Release|iPhoneSimulator.ActiveCfg = Release|Any CPU
		{F42BF5FA-3B05-4788-8654-5F25CFDA5C55}.Release|iPhoneSimulator.Build.0 = Release|Any CPU
		{F42BF5FA-3B05-4788-8654-5F25CFDA5C55}.Release|iPhoneSimulator.Deploy.0 = Release|Any CPU
		{ED8FC44D-E498-4D3B-9B7D-35DDC6563A0F}.Ad-Hoc|Any CPU.ActiveCfg = Ad-Hoc|iPhone
		{ED8FC44D-E498-4D3B-9B7D-35DDC6563A0F}.Ad-Hoc|Any CPU.Build.0 = Ad-Hoc|iPhone
		{ED8FC44D-E498-4D3B-9B7D-35DDC6563A0F}.Ad-Hoc|Any CPU.Deploy.0 = Ad-Hoc|iPhone
		{ED8FC44D-E498-4D3B-9B7D-35DDC6563A0F}.Ad-Hoc|iPhone.ActiveCfg = Ad-Hoc|iPhone
		{ED8FC44D-E498-4D3B-9B7D-35DDC6563A0F}.Ad-Hoc|iPhone.Build.0 = Ad-Hoc|iPhone
		{ED8FC44D-E498-4D3B-9B7D-35DDC6563A0F}.Ad-Hoc|iPhone.Deploy.0 = Ad-Hoc|iPhone
		{ED8FC44D-E498-4D3B-9B7D-35DDC6563A0F}.Ad-Hoc|iPhoneSimulator.ActiveCfg = Ad-Hoc|iPhoneSimulator
		{ED8FC44D-E498-4D3B-9B7D-35DDC6563A0F}.Ad-Hoc|iPhoneSimulator.Build.0 = Ad-Hoc|iPhoneSimulator
		{ED8FC44D-E498-4D3B-9B7D-35DDC6563A0F}.Ad-Hoc|iPhoneSimulator.Deploy.0 = Ad-Hoc|iPhoneSimulator
		{ED8FC44D-E498-4D3B-9B7D-35DDC6563A0F}.AppStore|Any CPU.ActiveCfg = AppStore|iPhone
		{ED8FC44D-E498-4D3B-9B7D-35DDC6563A0F}.AppStore|Any CPU.Build.0 = AppStore|iPhone
		{ED8FC44D-E498-4D3B-9B7D-35DDC6563A0F}.AppStore|Any CPU.Deploy.0 = AppStore|iPhone
		{ED8FC44D-E498-4D3B-9B7D-35DDC6563A0F}.AppStore|iPhone.ActiveCfg = AppStore|iPhone
		{ED8FC44D-E498-4D3B-9B7D-35DDC6563A0F}.AppStore|iPhone.Build.0 = AppStore|iPhone
		{ED8FC44D-E498-4D3B-9B7D-35DDC6563A0F}.AppStore|iPhone.Deploy.0 = AppStore|iPhone
		{ED8FC44D-E498-4D3B-9B7D-35DDC6563A0F}.AppStore|iPhoneSimulator.ActiveCfg = AppStore|iPhoneSimulator
		{ED8FC44D-E498-4D3B-9B7D-35DDC6563A0F}.AppStore|iPhoneSimulator.Build.0 = AppStore|iPhoneSimulator
		{ED8FC44D-E498-4D3B-9B7D-35DDC6563A0F}.AppStore|iPhoneSimulator.Deploy.0 = AppStore|iPhoneSimulator
		{ED8FC44D-E498-4D3B-9B7D-35DDC6563A0F}.Debug|Any CPU.ActiveCfg = Debug|iPhoneSimulator
		{ED8FC44D-E498-4D3B-9B7D-35DDC6563A0F}.Debug|Any CPU.Build.0 = Debug|iPhoneSimulator
		{ED8FC44D-E498-4D3B-9B7D-35DDC6563A0F}.Debug|Any CPU.Deploy.0 = Debug|iPhoneSimulator
		{ED8FC44D-E498-4D3B-9B7D-35DDC6563A0F}.Debug|iPhone.ActiveCfg = Debug|iPhone
		{ED8FC44D-E498-4D3B-9B7D-35DDC6563A0F}.Debug|iPhone.Build.0 = Debug|iPhone
		{ED8FC44D-E498-4D3B-9B7D-35DDC6563A0F}.Debug|iPhone.Deploy.0 = Debug|iPhone
		{ED8FC44D-E498-4D3B-9B7D-35DDC6563A0F}.Debug|iPhoneSimulator.ActiveCfg = Debug|iPhoneSimulator
		{ED8FC44D-E498-4D3B-9B7D-35DDC6563A0F}.Debug|iPhoneSimulator.Build.0 = Debug|iPhoneSimulator
		{ED8FC44D-E498-4D3B-9B7D-35DDC6563A0F}.Debug|iPhoneSimulator.Deploy.0 = Debug|iPhoneSimulator
		{ED8FC44D-E498-4D3B-9B7D-35DDC6563A0F}.Release|Any CPU.ActiveCfg = Release|iPhone
		{ED8FC44D-E498-4D3B-9B7D-35DDC6563A0F}.Release|Any CPU.Build.0 = Release|iPhone
		{ED8FC44D-E498-4D3B-9B7D-35DDC6563A0F}.Release|Any CPU.Deploy.0 = Release|iPhone
		{ED8FC44D-E498-4D3B-9B7D-35DDC6563A0F}.Release|iPhone.ActiveCfg = Release|iPhone
		{ED8FC44D-E498-4D3B-9B7D-35DDC6563A0F}.Release|iPhone.Build.0 = Release|iPhone
		{ED8FC44D-E498-4D3B-9B7D-35DDC6563A0F}.Release|iPhone.Deploy.0 = Release|iPhone
		{ED8FC44D-E498-4D3B-9B7D-35DDC6563A0F}.Release|iPhoneSimulator.ActiveCfg = Release|iPhoneSimulator
		{ED8FC44D-E498-4D3B-9B7D-35DDC6563A0F}.Release|iPhoneSimulator.Build.0 = Release|iPhoneSimulator
		{ED8FC44D-E498-4D3B-9B7D-35DDC6563A0F}.Release|iPhoneSimulator.Deploy.0 = Release|iPhoneSimulator
		{07325FCD-2B1F-4CA7-AA48-7B905C940486}.Ad-Hoc|Any CPU.ActiveCfg = Debug|Any CPU
		{07325FCD-2B1F-4CA7-AA48-7B905C940486}.Ad-Hoc|Any CPU.Build.0 = Debug|Any CPU
		{07325FCD-2B1F-4CA7-AA48-7B905C940486}.Ad-Hoc|Any CPU.Deploy.0 = Debug|Any CPU
		{07325FCD-2B1F-4CA7-AA48-7B905C940486}.Ad-Hoc|iPhone.ActiveCfg = Debug|Any CPU
		{07325FCD-2B1F-4CA7-AA48-7B905C940486}.Ad-Hoc|iPhone.Build.0 = Debug|Any CPU
		{07325FCD-2B1F-4CA7-AA48-7B905C940486}.Ad-Hoc|iPhone.Deploy.0 = Debug|Any CPU
		{07325FCD-2B1F-4CA7-AA48-7B905C940486}.Ad-Hoc|iPhoneSimulator.ActiveCfg = Debug|Any CPU
		{07325FCD-2B1F-4CA7-AA48-7B905C940486}.Ad-Hoc|iPhoneSimulator.Build.0 = Debug|Any CPU
		{07325FCD-2B1F-4CA7-AA48-7B905C940486}.Ad-Hoc|iPhoneSimulator.Deploy.0 = Debug|Any CPU
		{07325FCD-2B1F-4CA7-AA48-7B905C940486}.AppStore|Any CPU.ActiveCfg = Debug|Any CPU
		{07325FCD-2B1F-4CA7-AA48-7B905C940486}.AppStore|Any CPU.Build.0 = Debug|Any CPU
		{07325FCD-2B1F-4CA7-AA48-7B905C940486}.AppStore|Any CPU.Deploy.0 = Debug|Any CPU
		{07325FCD-2B1F-4CA7-AA48-7B905C940486}.AppStore|iPhone.ActiveCfg = Debug|Any CPU
		{07325FCD-2B1F-4CA7-AA48-7B905C940486}.AppStore|iPhone.Build.0 = Debug|Any CPU
		{07325FCD-2B1F-4CA7-AA48-7B905C940486}.AppStore|iPhone.Deploy.0 = Debug|Any CPU
		{07325FCD-2B1F-4CA7-AA48-7B905C940486}.AppStore|iPhoneSimulator.ActiveCfg = Debug|Any CPU
		{07325FCD-2B1F-4CA7-AA48-7B905C940486}.AppStore|iPhoneSimulator.Build.0 = Debug|Any CPU
		{07325FCD-2B1F-4CA7-AA48-7B905C940486}.AppStore|iPhoneSimulator.Deploy.0 = Debug|Any CPU
		{07325FCD-2B1F-4CA7-AA48-7B905C940486}.Debug|Any CPU.ActiveCfg = Debug|Any CPU
		{07325FCD-2B1F-4CA7-AA48-7B905C940486}.Debug|Any CPU.Build.0 = Debug|Any CPU
		{07325FCD-2B1F-4CA7-AA48-7B905C940486}.Debug|Any CPU.Deploy.0 = Debug|Any CPU
		{07325FCD-2B1F-4CA7-AA48-7B905C940486}.Debug|iPhone.ActiveCfg = Debug|Any CPU
		{07325FCD-2B1F-4CA7-AA48-7B905C940486}.Debug|iPhone.Build.0 = Debug|Any CPU
		{07325FCD-2B1F-4CA7-AA48-7B905C940486}.Debug|iPhone.Deploy.0 = Debug|Any CPU
		{07325FCD-2B1F-4CA7-AA48-7B905C940486}.Debug|iPhoneSimulator.ActiveCfg = Debug|Any CPU
		{07325FCD-2B1F-4CA7-AA48-7B905C940486}.Debug|iPhoneSimulator.Build.0 = Debug|Any CPU
		{07325FCD-2B1F-4CA7-AA48-7B905C940486}.Debug|iPhoneSimulator.Deploy.0 = Debug|Any CPU
		{07325FCD-2B1F-4CA7-AA48-7B905C940486}.Release|Any CPU.ActiveCfg = Release|Any CPU
		{07325FCD-2B1F-4CA7-AA48-7B905C940486}.Release|Any CPU.Build.0 = Release|Any CPU
		{07325FCD-2B1F-4CA7-AA48-7B905C940486}.Release|Any CPU.Deploy.0 = Release|Any CPU
		{07325FCD-2B1F-4CA7-AA48-7B905C940486}.Release|iPhone.ActiveCfg = Release|Any CPU
		{07325FCD-2B1F-4CA7-AA48-7B905C940486}.Release|iPhone.Build.0 = Release|Any CPU
		{07325FCD-2B1F-4CA7-AA48-7B905C940486}.Release|iPhone.Deploy.0 = Release|Any CPU
		{07325FCD-2B1F-4CA7-AA48-7B905C940486}.Release|iPhoneSimulator.ActiveCfg = Release|Any CPU
		{07325FCD-2B1F-4CA7-AA48-7B905C940486}.Release|iPhoneSimulator.Build.0 = Release|Any CPU
		{07325FCD-2B1F-4CA7-AA48-7B905C940486}.Release|iPhoneSimulator.Deploy.0 = Release|Any CPU
	EndGlobalSection
	GlobalSection(SolutionProperties) = preSolution
		HideSolutionNode = FALSE
	EndGlobalSection
	GlobalSection(ExtensibilityGlobals) = postSolution
		SolutionGuid = {8D872F70-8708-47B2-8821-48C70CEA51C7}
	EndGlobalSection
EndGlobal
